
Microsoft Visual Studio Solution File, Format Version 10.00
# Visual C# Express 2008
Project("{FAE04EC0-301F-11D3-BF4B-00C04F79EFBC}") = "zad3", "zad3\zad3.csproj", "{51FC93CE-2CAD-4291-B464-4C23C3EF7DA8}"
EndProject
Global
	GlobalSection(SolutionConfigurationPlatforms) = preSolution
		Debug|Any CPU = Debug|Any CPU
		Release|Any CPU = Release|Any CPU
	EndGlobalSection
	GlobalSection(ProjectConfigurationPlatforms) = postSolution
		{51FC93CE-2CAD-4291-B464-4C23C3EF7DA8}.Debug|Any CPU.ActiveCfg = Debug|Any CPU
		{51FC93CE-2CAD-4291-B464-4C23C3EF7DA8}.Debug|Any CPU.Build.0 = Debug|Any CPU
		{51FC93CE-2CAD-4291-B464-4C23C3EF7DA8}.Release|Any CPU.ActiveCfg = Release|Any CPU
		{51FC93CE-2CAD-4291-B464-4C23C3EF7DA8}.Release|Any CPU.Build.0 = Release|Any CPU
	EndGlobalSection
	GlobalSection(SolutionProperties) = preSolution
		HideSolutionNode = FALSE
	EndGlobalSection
EndGlobal
