
Microsoft Visual Studio Solution File, Format Version 10.00
# Visual C# Express 2008
Project("{FAE04EC0-301F-11D3-BF4B-00C04F79EFBC}") = "zad4.1", "zad4.1\zad4.1.csproj", "{983758B8-CE43-4EF6-9D9A-0974E4F95042}"
EndProject
Global
	GlobalSection(SolutionConfigurationPlatforms) = preSolution
		Debug|Any CPU = Debug|Any CPU
		Release|Any CPU = Release|Any CPU
	EndGlobalSection
	GlobalSection(ProjectConfigurationPlatforms) = postSolution
		{983758B8-CE43-4EF6-9D9A-0974E4F95042}.Debug|Any CPU.ActiveCfg = Debug|Any CPU
		{983758B8-CE43-4EF6-9D9A-0974E4F95042}.Debug|Any CPU.Build.0 = Debug|Any CPU
		{983758B8-CE43-4EF6-9D9A-0974E4F95042}.Release|Any CPU.ActiveCfg = Release|Any CPU
		{983758B8-CE43-4EF6-9D9A-0974E4F95042}.Release|Any CPU.Build.0 = Release|Any CPU
	EndGlobalSection
	GlobalSection(SolutionProperties) = preSolution
		HideSolutionNode = FALSE
	EndGlobalSection
EndGlobal
